
Microsoft Visual Studio Solution File, Format Version 12.00
# Visual Studio 15
VisualStudioVersion = 15.0.27004.2006
MinimumVisualStudioVersion = 10.0.40219.1
Project("{FAE04EC0-301F-11D3-BF4B-00C04F79EFBC}") = "DropDownBackgroundColorIssueSample.Android", "DropDownBackgroundColorIssueSample\DropDownBackgroundColorIssueSample.Android\DropDownBackgroundColorIssueSample.Android.csproj", "{281099CB-CD09-4ACD-9112-A379CE9A6E17}"
EndProject
Project("{FAE04EC0-301F-11D3-BF4B-00C04F79EFBC}") = "DropDownBackgroundColorIssueSample", "DropDownBackgroundColorIssueSample\DropDownBackgroundColorIssueSample\DropDownBackgroundColorIssueSample.csproj", "{000BC4EE-C830-4881-865F-50317B737593}"
EndProject
Project("{FAE04EC0-301F-11D3-BF4B-00C04F79EFBC}") = "DropDownBackgroundColorIssueSample.iOS", "DropDownBackgroundColorIssueSample\DropDownBackgroundColorIssueSample.iOS\DropDownBackgroundColorIssueSample.iOS.csproj", "{A6948417-C2E8-439B-AD96-9C86ABDCF985}"
EndProject
Global
	GlobalSection(SolutionConfigurationPlatforms) = preSolution
		Ad-Hoc|Any CPU = Ad-Hoc|Any CPU
		Ad-Hoc|iPhone = Ad-Hoc|iPhone
		Ad-Hoc|iPhoneSimulator = Ad-Hoc|iPhoneSimulator
		AppStore|Any CPU = AppStore|Any CPU
		AppStore|iPhone = AppStore|iPhone
		AppStore|iPhoneSimulator = AppStore|iPhoneSimulator
		Debug|Any CPU = Debug|Any CPU
		Debug|iPhone = Debug|iPhone
		Debug|iPhoneSimulator = Debug|iPhoneSimulator
		Release|Any CPU = Release|Any CPU
		Release|iPhone = Release|iPhone
		Release|iPhoneSimulator = Release|iPhoneSimulator
	EndGlobalSection
	GlobalSection(ProjectConfigurationPlatforms) = postSolution
		{281099CB-CD09-4ACD-9112-A379CE9A6E17}.Ad-Hoc|Any CPU.ActiveCfg = Release|Any CPU
		{281099CB-CD09-4ACD-9112-A379CE9A6E17}.Ad-Hoc|Any CPU.Build.0 = Release|Any CPU
		{281099CB-CD09-4ACD-9112-A379CE9A6E17}.Ad-Hoc|Any CPU.Deploy.0 = Release|Any CPU
		{281099CB-CD09-4ACD-9112-A379CE9A6E17}.Ad-Hoc|iPhone.ActiveCfg = Release|Any CPU
		{281099CB-CD09-4ACD-9112-A379CE9A6E17}.Ad-Hoc|iPhone.Build.0 = Release|Any CPU
		{281099CB-CD09-4ACD-9112-A379CE9A6E17}.Ad-Hoc|iPhone.Deploy.0 = Release|Any CPU
		{281099CB-CD09-4ACD-9112-A379CE9A6E17}.Ad-Hoc|iPhoneSimulator.ActiveCfg = Release|Any CPU
		{281099CB-CD09-4ACD-9112-A379CE9A6E17}.Ad-Hoc|iPhoneSimulator.Build.0 = Release|Any CPU
		{281099CB-CD09-4ACD-9112-A379CE9A6E17}.Ad-Hoc|iPhoneSimulator.Deploy.0 = Release|Any CPU
		{281099CB-CD09-4ACD-9112-A379CE9A6E17}.AppStore|Any CPU.ActiveCfg = Release|Any CPU
		{281099CB-CD09-4ACD-9112-A379CE9A6E17}.AppStore|Any CPU.Build.0 = Release|Any CPU
		{281099CB-CD09-4ACD-9112-A379CE9A6E17}.AppStore|Any CPU.Deploy.0 = Release|Any CPU
		{281099CB-CD09-4ACD-9112-A379CE9A6E17}.AppStore|iPhone.ActiveCfg = Release|Any CPU
		{281099CB-CD09-4ACD-9112-A379CE9A6E17}.AppStore|iPhone.Build.0 = Release|Any CPU
		{281099CB-CD09-4ACD-9112-A379CE9A6E17}.AppStore|iPhone.Deploy.0 = Release|Any CPU
		{281099CB-CD09-4ACD-9112-A379CE9A6E17}.AppStore|iPhoneSimulator.ActiveCfg = Release|Any CPU
		{281099CB-CD09-4ACD-9112-A379CE9A6E17}.AppStore|iPhoneSimulator.Build.0 = Release|Any CPU
		{281099CB-CD09-4ACD-9112-A379CE9A6E17}.AppStore|iPhoneSimulator.Deploy.0 = Release|Any CPU
		{281099CB-CD09-4ACD-9112-A379CE9A6E17}.Debug|Any CPU.ActiveCfg = Debug|Any CPU
		{281099CB-CD09-4ACD-9112-A379CE9A6E17}.Debug|Any CPU.Build.0 = Debug|Any CPU
		{281099CB-CD09-4ACD-9112-A379CE9A6E17}.Debug|Any CPU.Deploy.0 = Debug|Any CPU
		{281099CB-CD09-4ACD-9112-A379CE9A6E17}.Debug|iPhone.ActiveCfg = Debug|Any CPU
		{281099CB-CD09-4ACD-9112-A379CE9A6E17}.Debug|iPhone.Build.0 = Debug|Any CPU
		{281099CB-CD09-4ACD-9112-A379CE9A6E17}.Debug|iPhone.Deploy.0 = Debug|Any CPU
		{281099CB-CD09-4ACD-9112-A379CE9A6E17}.Debug|iPhoneSimulator.ActiveCfg = Debug|Any CPU
		{281099CB-CD09-4ACD-9112-A379CE9A6E17}.Debug|iPhoneSimulator.Build.0 = Debug|Any CPU
		{281099CB-CD09-4ACD-9112-A379CE9A6E17}.Debug|iPhoneSimulator.Deploy.0 = Debug|Any CPU
		{281099CB-CD09-4ACD-9112-A379CE9A6E17}.Release|Any CPU.ActiveCfg = Release|Any CPU
		{281099CB-CD09-4ACD-9112-A379CE9A6E17}.Release|Any CPU.Build.0 = Release|Any CPU
		{281099CB-CD09-4ACD-9112-A379CE9A6E17}.Release|Any CPU.Deploy.0 = Release|Any CPU
		{281099CB-CD09-4ACD-9112-A379CE9A6E17}.Release|iPhone.ActiveCfg = Release|Any CPU
		{281099CB-CD09-4ACD-9112-A379CE9A6E17}.Release|iPhone.Build.0 = Release|Any CPU
		{281099CB-CD09-4ACD-9112-A379CE9A6E17}.Release|iPhone.Deploy.0 = Release|Any CPU
		{281099CB-CD09-4ACD-9112-A379CE9A6E17}.Release|iPhoneSimulator.ActiveCfg = Release|Any CPU
		{281099CB-CD09-4ACD-9112-A379CE9A6E17}.Release|iPhoneSimulator.Build.0 = Release|Any CPU
		{281099CB-CD09-4ACD-9112-A379CE9A6E17}.Release|iPhoneSimulator.Deploy.0 = Release|Any CPU
		{000BC4EE-C830-4881-865F-50317B737593}.Ad-Hoc|Any CPU.ActiveCfg = Release|Any CPU
		{000BC4EE-C830-4881-865F-50317B737593}.Ad-Hoc|Any CPU.Build.0 = Release|Any CPU
		{000BC4EE-C830-4881-865F-50317B737593}.Ad-Hoc|iPhone.ActiveCfg = Release|Any CPU
		{000BC4EE-C830-4881-865F-50317B737593}.Ad-Hoc|iPhone.Build.0 = Release|Any CPU
		{000BC4EE-C830-4881-865F-50317B737593}.Ad-Hoc|iPhoneSimulator.ActiveCfg = Release|Any CPU
		{000BC4EE-C830-4881-865F-50317B737593}.Ad-Hoc|iPhoneSimulator.Build.0 = Release|Any CPU
		{000BC4EE-C830-4881-865F-50317B737593}.AppStore|Any CPU.ActiveCfg = Release|Any CPU
		{000BC4EE-C830-4881-865F-50317B737593}.AppStore|Any CPU.Build.0 = Release|Any CPU
		{000BC4EE-C830-4881-865F-50317B737593}.AppStore|iPhone.ActiveCfg = Release|Any CPU
		{000BC4EE-C830-4881-865F-50317B737593}.AppStore|iPhone.Build.0 = Release|Any CPU
		{000BC4EE-C830-4881-865F-50317B737593}.AppStore|iPhoneSimulator.ActiveCfg = Release|Any CPU
		{000BC4EE-C830-4881-865F-50317B737593}.AppStore|iPhoneSimulator.Build.0 = Release|Any CPU
		{000BC4EE-C830-4881-865F-50317B737593}.Debug|Any CPU.ActiveCfg = Debug|Any CPU
		{000BC4EE-C830-4881-865F-50317B737593}.Debug|Any CPU.Build.0 = Debug|Any CPU
		{000BC4EE-C830-4881-865F-50317B737593}.Debug|iPhone.ActiveCfg = Debug|Any CPU
		{000BC4EE-C830-4881-865F-50317B737593}.Debug|iPhone.Build.0 = Debug|Any CPU
		{000BC4EE-C830-4881-865F-50317B737593}.Debug|iPhoneSimulator.ActiveCfg = Debug|Any CPU
		{000BC4EE-C830-4881-865F-50317B737593}.Debug|iPhoneSimulator.Build.0 = Debug|Any CPU
		{000BC4EE-C830-4881-865F-50317B737593}.Release|Any CPU.ActiveCfg = Release|Any CPU
		{000BC4EE-C830-4881-865F-50317B737593}.Release|Any CPU.Build.0 = Release|Any CPU
		{000BC4EE-C830-4881-865F-50317B737593}.Release|iPhone.ActiveCfg = Release|Any CPU
		{000BC4EE-C830-4881-865F-50317B737593}.Release|iPhone.Build.0 = Release|Any CPU
		{000BC4EE-C830-4881-865F-50317B737593}.Release|iPhoneSimulator.ActiveCfg = Release|Any CPU
		{000BC4EE-C830-4881-865F-50317B737593}.Release|iPhoneSimulator.Build.0 = Release|Any CPU
		{A6948417-C2E8-439B-AD96-9C86ABDCF985}.Ad-Hoc|Any CPU.ActiveCfg = Ad-Hoc|iPhoneSimulator
		{A6948417-C2E8-439B-AD96-9C86ABDCF985}.Ad-Hoc|iPhone.ActiveCfg = Ad-Hoc|iPhone
		{A6948417-C2E8-439B-AD96-9C86ABDCF985}.Ad-Hoc|iPhone.Build.0 = Ad-Hoc|iPhone
		{A6948417-C2E8-439B-AD96-9C86ABDCF985}.Ad-Hoc|iPhoneSimulator.ActiveCfg = Ad-Hoc|iPhoneSimulator
		{A6948417-C2E8-439B-AD96-9C86ABDCF985}.Ad-Hoc|iPhoneSimulator.Build.0 = Ad-Hoc|iPhoneSimulator
		{A6948417-C2E8-439B-AD96-9C86ABDCF985}.AppStore|Any CPU.ActiveCfg = AppStore|iPhoneSimulator
		{A6948417-C2E8-439B-AD96-9C86ABDCF985}.AppStore|iPhone.ActiveCfg = AppStore|iPhone
		{A6948417-C2E8-439B-AD96-9C86ABDCF985}.AppStore|iPhone.Build.0 = AppStore|iPhone
		{A6948417-C2E8-439B-AD96-9C86ABDCF985}.AppStore|iPhoneSimulator.ActiveCfg = AppStore|iPhoneSimulator
		{A6948417-C2E8-439B-AD96-9C86ABDCF985}.AppStore|iPhoneSimulator.Build.0 = AppStore|iPhoneSimulator
		{A6948417-C2E8-439B-AD96-9C86ABDCF985}.Debug|Any CPU.ActiveCfg = Debug|iPhoneSimulator
		{A6948417-C2E8-439B-AD96-9C86ABDCF985}.Debug|iPhone.ActiveCfg = Debug|iPhone
		{A6948417-C2E8-439B-AD96-9C86ABDCF985}.Debug|iPhone.Build.0 = Debug|iPhone
		{A6948417-C2E8-439B-AD96-9C86ABDCF985}.Debug|iPhoneSimulator.ActiveCfg = Debug|iPhoneSimulator
		{A6948417-C2E8-439B-AD96-9C86ABDCF985}.Debug|iPhoneSimulator.Build.0 = Debug|iPhoneSimulator
		{A6948417-C2E8-439B-AD96-9C86ABDCF985}.Release|Any CPU.ActiveCfg = Release|iPhoneSimulator
		{A6948417-C2E8-439B-AD96-9C86ABDCF985}.Release|iPhone.ActiveCfg = Release|iPhone
		{A6948417-C2E8-439B-AD96-9C86ABDCF985}.Release|iPhone.Build.0 = Release|iPhone
		{A6948417-C2E8-439B-AD96-9C86ABDCF985}.Release|iPhoneSimulator.ActiveCfg = Release|iPhoneSimulator
		{A6948417-C2E8-439B-AD96-9C86ABDCF985}.Release|iPhoneSimulator.Build.0 = Release|iPhoneSimulator
	EndGlobalSection
	GlobalSection(SolutionProperties) = preSolution
		HideSolutionNode = FALSE
	EndGlobalSection
	GlobalSection(ExtensibilityGlobals) = postSolution
		SolutionGuid = {FB050067-AAC2-4F3F-A391-2D68077735F6}
	EndGlobalSection
EndGlobal
